
Microsoft Visual Studio Solution File, Format Version 12.00
# Visual Studio Version 17
VisualStudioVersion = 17.0.31903.59
MinimumVisualStudioVersion = 10.0.40219.1
Project("{9A19103F-16F7-4668-BE54-9A1E7A4F7556}") = "MinoAssistant", "MinoAssistant\MinoAssistant.csproj", "{8F7AB988-8064-44CD-886D-DC671478ACBA}"
EndProject
Project("{9A19103F-16F7-4668-BE54-9A1E7A4F7556}") = "MinoAssistant.Test", "MinoAssistant.Test\MinoAssistant.Test.csproj", "{3D2BD93F-26DA-4081-86E9-267EFF74EA66}"
EndProject
Project("{9A19103F-16F7-4668-BE54-9A1E7A4F7556}") = "MinoAssistant.UI", "MinoAssistant.UI\MinoAssistant.UI.csproj", "{43420BA8-9A93-4B0E-BC50-D78739A5DBC0}"
EndProject
Global
	GlobalSection(SolutionConfigurationPlatforms) = preSolution
		Debug|Any CPU = Debug|Any CPU
		Release|Any CPU = Release|Any CPU
	EndGlobalSection
	GlobalSection(ProjectConfigurationPlatforms) = postSolution
		{8F7AB988-8064-44CD-886D-DC671478ACBA}.Debug|Any CPU.ActiveCfg = Debug|Any CPU
		{8F7AB988-8064-44CD-886D-DC671478ACBA}.Debug|Any CPU.Build.0 = Debug|Any CPU
		{8F7AB988-8064-44CD-886D-DC671478ACBA}.Release|Any CPU.ActiveCfg = Release|Any CPU
		{8F7AB988-8064-44CD-886D-DC671478ACBA}.Release|Any CPU.Build.0 = Release|Any CPU
		{3D2BD93F-26DA-4081-86E9-267EFF74EA66}.Debug|Any CPU.ActiveCfg = Debug|Any CPU
		{3D2BD93F-26DA-4081-86E9-267EFF74EA66}.Debug|Any CPU.Build.0 = Debug|Any CPU
		{3D2BD93F-26DA-4081-86E9-267EFF74EA66}.Release|Any CPU.ActiveCfg = Release|Any CPU
		{3D2BD93F-26DA-4081-86E9-267EFF74EA66}.Release|Any CPU.Build.0 = Release|Any CPU
		{43420BA8-9A93-4B0E-BC50-D78739A5DBC0}.Debug|Any CPU.ActiveCfg = Debug|Any CPU
		{43420BA8-9A93-4B0E-BC50-D78739A5DBC0}.Debug|Any CPU.Build.0 = Debug|Any CPU
		{43420BA8-9A93-4B0E-BC50-D78739A5DBC0}.Release|Any CPU.ActiveCfg = Release|Any CPU
		{43420BA8-9A93-4B0E-BC50-D78739A5DBC0}.Release|Any CPU.Build.0 = Release|Any CPU
	EndGlobalSection
	GlobalSection(SolutionProperties) = preSolution
		HideSolutionNode = FALSE
	EndGlobalSection
	GlobalSection(ExtensibilityGlobals) = postSolution
		SolutionGuid = {CB075DDB-7139-4C9E-87FE-32D28D6A217F}
	EndGlobalSection
EndGlobal
